{
  "version": 4,
  "terraform_version": "1.6.4",
  "serial": 5,
  "lineage": "948c1470-4838-14fb-4e25-b7df4350e67d",
  "outputs": {},
  "resources": [
    {
      "mode": "managed",
      "type": "aws_rds_cluster_instance",
      "name": "cluster_instances",
      "provider": "provider[\"registry.terraform.io/hashicorp/aws\"]",
      "instances": [
        {
          "index_key": 0,
          "schema_version": 0,
          "attributes": {
            "apply_immediately": true,
            "arn": "arn:aws:rds:us-east-1:274146641877:db:aupg147-instance-0",
            "auto_minor_version_upgrade": true,
            "availability_zone": "us-east-1b",
            "ca_cert_identifier": "rds-ca-rsa2048-g1",
            "cluster_identifier": "aupg147",
            "copy_tags_to_snapshot": false,
            "db_parameter_group_name": "default.aurora-postgresql14",
            "db_subnet_group_name": "apg-labstack-aupglabsrdsstack-1vp537traavq6-dbsubnets-nool4qqn5klb",
            "dbi_resource_id": "db-OEFIF2RSQ3LOME6SHR5DRSQL3M",
            "endpoint": "aupg147-instance-0.cdus3jhjlk3a.us-east-1.rds.amazonaws.com",
            "engine": "aurora-postgresql",
            "engine_version": "14.7",
            "engine_version_actual": "14.7",
            "id": "aupg147-instance-0",
            "identifier": "aupg147-instance-0",
            "identifier_prefix": null,
            "instance_class": "db.t3.medium",
            "kms_key_id": "arn:aws:kms:us-east-1:274146641877:key/260d499c-8a9e-4655-965f-3fe44c6aa3a1",
            "monitoring_interval": 0,
            "monitoring_role_arn": "",
            "performance_insights_enabled": false,
            "performance_insights_kms_key_id": "",
            "performance_insights_retention_period": 0,
            "port": 5432,
            "preferred_backup_window": "08:47-09:17",
            "preferred_maintenance_window": "fri:06:30-fri:07:00",
            "promotion_tier": 0,
            "publicly_accessible": false,
            "storage_encrypted": true,
            "tags": {},
            "tags_all": {},
            "timeouts": null,
            "writer": false
          },
          "sensitive_attributes": [],
          "private": "eyJlMmJmYjczMC1lY2FhLTExZTYtOGY4OC0zNDM2M2JjN2M0YzAiOnsiY3JlYXRlIjo1NDAwMDAwMDAwMDAwLCJkZWxldGUiOjU0MDAwMDAwMDAwMDAsInVwZGF0ZSI6NTQwMDAwMDAwMDAwMH19"
        }
      ]
    }
  ],
  "check_results": null
}
